{
  "lockfile_version": "1",
  "packages": {
    "kind@0.24.0": {
      "last_modified": "2024-09-10T15:01:03Z",
      "resolved": "github:NixOS/nixpkgs/5ed627539ac84809c78b2dd6d26a5cebeb5ae269#kind",
      "source": "devbox-search",
      "version": "0.24.0",
      "systems": {
        "aarch64-darwin": {
          "outputs": [
            {
              "name": "out",
              "path": "/nix/store/dh1xf5b09vn8j87kryr88yd47gq9ni8z-kind-0.24.0",
              "default": true
            }
          ],
          "store_path": "/nix/store/dh1xf5b09vn8j87kryr88yd47gq9ni8z-kind-0.24.0"
        },
        "aarch64-linux": {
          "outputs": [
            {
              "name": "out",
              "path": "/nix/store/bjjxkmdvan9agc6sv44rdhxjz9hv1igx-kind-0.24.0",
              "default": true
            }
          ],
          "store_path": "/nix/store/bjjxkmdvan9agc6sv44rdhxjz9hv1igx-kind-0.24.0"
        },
        "x86_64-darwin": {
          "outputs": [
            {
              "name": "out",
              "path": "/nix/store/nx6pfraywj21i01biaczny73p33dlzjr-kind-0.24.0",
              "default": true
            }
          ],
          "store_path": "/nix/store/nx6pfraywj21i01biaczny73p33dlzjr-kind-0.24.0"
        },
        "x86_64-linux": {
          "outputs": [
            {
              "name": "out",
              "path": "/nix/store/l19d666hq7hh64r9l9wpy2lwj0bxfm1a-kind-0.24.0",
              "default": true
            }
          ],
          "store_path": "/nix/store/l19d666hq7hh64r9l9wpy2lwj0bxfm1a-kind-0.24.0"
        }
      }
    },
    "kubectl@1.31.0": {
      "last_modified": "2024-09-20T05:11:28Z",
      "resolved": "github:NixOS/nixpkgs/79454ee9aacc9714653a4e7eb2a52b717728caff#kubectl",
      "source": "devbox-search",
      "version": "1.31.0",
      "systems": {
        "aarch64-darwin": {
          "outputs": [
            {
              "name": "out",
              "path": "/nix/store/a3sbf306xajs0af6pcz34pw4pi9mkmj5-kubectl-1.31.0",
              "default": true
            },
            {
              "name": "man",
              "path": "/nix/store/ap867akfi9x10mzsbna51rxfh5wx5av2-kubectl-1.31.0-man",
              "default": true
            },
            {
              "name": "convert",
              "path": "/nix/store/n3g8pl6v8qf08d6z6pjllrb89ysr1zsc-kubectl-1.31.0-convert"
            }
          ],
          "store_path": "/nix/store/a3sbf306xajs0af6pcz34pw4pi9mkmj5-kubectl-1.31.0"
        },
        "aarch64-linux": {
          "outputs": [
            {
              "name": "out",
              "path": "/nix/store/qg9r3qqnjjxqmaq9qqbyh9x12k1vvqhv-kubectl-1.31.0",
              "default": true
            },
            {
              "name": "man",
              "path": "/nix/store/j132aazwv8nylcr4ciddmyhfwy48al5w-kubectl-1.31.0-man",
              "default": true
            },
            {
              "name": "convert",
              "path": "/nix/store/rc505l8rn9sd9g75hkxv1vq8zhr37j4x-kubectl-1.31.0-convert"
            }
          ],
          "store_path": "/nix/store/qg9r3qqnjjxqmaq9qqbyh9x12k1vvqhv-kubectl-1.31.0"
        },
        "x86_64-darwin": {
          "outputs": [
            {
              "name": "out",
              "path": "/nix/store/c5q71r4zbx9jjrdg1bky82q3ak87dsmn-kubectl-1.31.0",
              "default": true
            },
            {
              "name": "man",
              "path": "/nix/store/fqnpf91mg1w1z7glgx42wxgw8k2j4ym0-kubectl-1.31.0-man",
              "default": true
            },
            {
              "name": "convert",
              "path": "/nix/store/arnjlmd1zxdnp76qgk343ybqkjs3d4fb-kubectl-1.31.0-convert"
            }
          ],
          "store_path": "/nix/store/c5q71r4zbx9jjrdg1bky82q3ak87dsmn-kubectl-1.31.0"
        },
        "x86_64-linux": {
          "outputs": [
            {
              "name": "out",
              "path": "/nix/store/2xi1vzmqlbsqg9k3n1m204n56als7lyn-kubectl-1.31.0",
              "default": true
            },
            {
              "name": "man",
              "path": "/nix/store/75y8hkbk46qksfhqbkv5ass7xx3x1xsh-kubectl-1.31.0-man",
              "default": true
            },
            {
              "name": "convert",
              "path": "/nix/store/h9v1hlig44y827ms1cszwld3agdbh47k-kubectl-1.31.0-convert"
            }
          ],
          "store_path": "/nix/store/2xi1vzmqlbsqg9k3n1m204n56als7lyn-kubectl-1.31.0"
        }
      }
    },
    "kubernetes-helm@3.16.1": {
      "last_modified": "2024-09-17T14:38:52Z",
      "resolved": "github:NixOS/nixpkgs/658e7223191d2598641d50ee4e898126768fe847#kubernetes-helm",
      "source": "devbox-search",
      "version": "3.16.1",
      "systems": {
        "aarch64-darwin": {
          "outputs": [
            {
              "name": "out",
              "path": "/nix/store/g9b797qqdsp7ymdx7dhwy5nfkhf90r4m-kubernetes-helm-3.16.1",
              "default": true
            }
          ],
          "store_path": "/nix/store/g9b797qqdsp7ymdx7dhwy5nfkhf90r4m-kubernetes-helm-3.16.1"
        },
        "aarch64-linux": {
          "outputs": [
            {
              "name": "out",
              "path": "/nix/store/s1smmyjs9988adbszdg2nd58qradswbc-kubernetes-helm-3.16.1",
              "default": true
            }
          ],
          "store_path": "/nix/store/s1smmyjs9988adbszdg2nd58qradswbc-kubernetes-helm-3.16.1"
        },
        "x86_64-darwin": {
          "outputs": [
            {
              "name": "out",
              "path": "/nix/store/3wfzg682rdi2md92jlql5i4h2pzxbq7a-kubernetes-helm-3.16.1",
              "default": true
            }
          ],
          "store_path": "/nix/store/3wfzg682rdi2md92jlql5i4h2pzxbq7a-kubernetes-helm-3.16.1"
        },
        "x86_64-linux": {
          "outputs": [
            {
              "name": "out",
              "path": "/nix/store/gl7z7bx0csk5flgidxjhjswf13y7vd7w-kubernetes-helm-3.16.1",
              "default": true
            }
          ],
          "store_path": "/nix/store/gl7z7bx0csk5flgidxjhjswf13y7vd7w-kubernetes-helm-3.16.1"
        }
      }
    },
    "natscli@0.1.5": {
      "last_modified": "2024-09-10T15:01:03Z",
      "resolved": "github:NixOS/nixpkgs/5ed627539ac84809c78b2dd6d26a5cebeb5ae269#natscli",
      "source": "devbox-search",
      "version": "0.1.5",
      "systems": {
        "aarch64-darwin": {
          "outputs": [
            {
              "name": "out",
              "path": "/nix/store/k2lpg6ww7laj8mjhs99rkzfzmg3jwz0r-natscli-0.1.5",
              "default": true
            }
          ],
          "store_path": "/nix/store/k2lpg6ww7laj8mjhs99rkzfzmg3jwz0r-natscli-0.1.5"
        },
        "aarch64-linux": {
          "outputs": [
            {
              "name": "out",
              "path": "/nix/store/fry9c8lpq8la2cyaavzpi4bfx8ydw6vv-natscli-0.1.5",
              "default": true
            }
          ],
          "store_path": "/nix/store/fry9c8lpq8la2cyaavzpi4bfx8ydw6vv-natscli-0.1.5"
        },
        "x86_64-darwin": {
          "outputs": [
            {
              "name": "out",
              "path": "/nix/store/y9vz4xsz9l59wrahww7n3a5csym2vdv6-natscli-0.1.5",
              "default": true
            }
          ],
          "store_path": "/nix/store/y9vz4xsz9l59wrahww7n3a5csym2vdv6-natscli-0.1.5"
        },
        "x86_64-linux": {
          "outputs": [
            {
              "name": "out",
              "path": "/nix/store/ap4cqqgqyga1yswp31zyq5s5gqgzh2ww-natscli-0.1.5",
              "default": true
            }
          ],
          "store_path": "/nix/store/ap4cqqgqyga1yswp31zyq5s5gqgzh2ww-natscli-0.1.5"
        }
      }
    },
    "zellij@0.40.1": {
      "last_modified": "2024-09-10T15:01:03Z",
      "resolved": "github:NixOS/nixpkgs/5ed627539ac84809c78b2dd6d26a5cebeb5ae269#zellij",
      "source": "devbox-search",
      "version": "0.40.1",
      "systems": {
        "aarch64-darwin": {
          "outputs": [
            {
              "name": "out",
              "path": "/nix/store/jpy1nxkg8581jq39vbvl5lpw1y23vxqa-zellij-0.40.1",
              "default": true
            }
          ],
          "store_path": "/nix/store/jpy1nxkg8581jq39vbvl5lpw1y23vxqa-zellij-0.40.1"
        },
        "aarch64-linux": {
          "outputs": [
            {
              "name": "out",
              "path": "/nix/store/32kgf0nn1akak86vr98yjd84k1fdhzjp-zellij-0.40.1",
              "default": true
            }
          ],
          "store_path": "/nix/store/32kgf0nn1akak86vr98yjd84k1fdhzjp-zellij-0.40.1"
        },
        "x86_64-darwin": {
          "outputs": [
            {
              "name": "out",
              "path": "/nix/store/y7wr0gr8rhxqfnvrf4zb2chbz2jr4z0a-zellij-0.40.1",
              "default": true
            }
          ],
          "store_path": "/nix/store/y7wr0gr8rhxqfnvrf4zb2chbz2jr4z0a-zellij-0.40.1"
        },
        "x86_64-linux": {
          "outputs": [
            {
              "name": "out",
              "path": "/nix/store/2hzr8dpliwppqifrr0mk419p9hwmziz1-zellij-0.40.1",
              "default": true
            }
          ],
          "store_path": "/nix/store/2hzr8dpliwppqifrr0mk419p9hwmziz1-zellij-0.40.1"
        }
      }
    }
  }
}
